
Microsoft Visual Studio Solution File, Format Version 12.00
# Visual Studio Version 17
VisualStudioVersion = 17.3.32901.215
MinimumVisualStudioVersion = 10.0.40219.1
Project("{FAE04EC0-301F-11D3-BF4B-00C04F79EFBC}") = "uygulama2", "uygulama2\uygulama2.csproj", "{2491DCBB-AF56-4F13-8579-DE3B876362A6}"
EndProject
Global
	GlobalSection(SolutionConfigurationPlatforms) = preSolution
		Debug|Any CPU = Debug|Any CPU
		Release|Any CPU = Release|Any CPU
	EndGlobalSection
	GlobalSection(ProjectConfigurationPlatforms) = postSolution
		{2491DCBB-AF56-4F13-8579-DE3B876362A6}.Debug|Any CPU.ActiveCfg = Debug|Any CPU
		{2491DCBB-AF56-4F13-8579-DE3B876362A6}.Debug|Any CPU.Build.0 = Debug|Any CPU
		{2491DCBB-AF56-4F13-8579-DE3B876362A6}.Release|Any CPU.ActiveCfg = Release|Any CPU
		{2491DCBB-AF56-4F13-8579-DE3B876362A6}.Release|Any CPU.Build.0 = Release|Any CPU
	EndGlobalSection
	GlobalSection(SolutionProperties) = preSolution
		HideSolutionNode = FALSE
	EndGlobalSection
	GlobalSection(ExtensibilityGlobals) = postSolution
		SolutionGuid = {77F09148-4ABF-4D2B-A808-CC0110A60AA8}
	EndGlobalSection
EndGlobal
